
Microsoft Visual Studio Solution File, Format Version 12.00
# Visual Studio 15
VisualStudioVersion = 15.0.28307.2092
MinimumVisualStudioVersion = 10.0.40219.1
Project("{9A19103F-16F7-4668-BE54-9A1E7A4F7556}") = "GymPalApi", "GymPalApi\GymPalApi.csproj", "{D98F727E-6F87-498C-A123-05F57AAF9869}"
EndProject
Global
	GlobalSection(SolutionConfigurationPlatforms) = preSolution
		Debug|Any CPU = Debug|Any CPU
		Release|Any CPU = Release|Any CPU
	EndGlobalSection
	GlobalSection(ProjectConfigurationPlatforms) = postSolution
		{D98F727E-6F87-498C-A123-05F57AAF9869}.Debug|Any CPU.ActiveCfg = Debug|Any CPU
		{D98F727E-6F87-498C-A123-05F57AAF9869}.Debug|Any CPU.Build.0 = Debug|Any CPU
		{D98F727E-6F87-498C-A123-05F57AAF9869}.Release|Any CPU.ActiveCfg = Release|Any CPU
		{D98F727E-6F87-498C-A123-05F57AAF9869}.Release|Any CPU.Build.0 = Release|Any CPU
	EndGlobalSection
	GlobalSection(SolutionProperties) = preSolution
		HideSolutionNode = FALSE
	EndGlobalSection
	GlobalSection(ExtensibilityGlobals) = postSolution
		SolutionGuid = {54EC53B1-012E-42E5-BAB3-DE430E5677BF}
	EndGlobalSection
EndGlobal
